
Microsoft Visual Studio Solution File, Format Version 12.00
# Visual Studio Version 17
VisualStudioVersion = 17.9.34622.214
MinimumVisualStudioVersion = 10.0.40219.1
Project("{9A19103F-16F7-4668-BE54-9A1E7A4F7556}") = "SonicSpectrum.Presentation", "SonicSpectrum.Presentation\SonicSpectrum.Presentation.csproj", "{84345386-C25B-46EC-AF48-60BBBDB7F90E}"
EndProject
Project("{9A19103F-16F7-4668-BE54-9A1E7A4F7556}") = "SonicSpectrum.Domain", "SonicSpectrum.Domain\SonicSpectrum.Domain.csproj", "{A1C562A5-7727-4B11-ACF9-7DF1C3B16571}"
EndProject
Project("{9A19103F-16F7-4668-BE54-9A1E7A4F7556}") = "SonicSpectrum.Application", "SonicSpectrum.Application\SonicSpectrum.Application.csproj", "{8058A210-17E0-4F08-8A7D-05BF19BFD390}"
EndProject
Project("{9A19103F-16F7-4668-BE54-9A1E7A4F7556}") = "SonicSpectrum.Persistence", "SonicSpectrum.Persistence\SonicSpectrum.Persistence.csproj", "{E28E5216-4A8E-409D-853F-19251268FC26}"
EndProject
Project("{FAE04EC0-301F-11D3-BF4B-00C04F79EFBC}") = "SonicSpectrum.Infrastructure", "SonicSpectrum.Infrastructure\SonicSpectrum.Infrastructure.csproj", "{D26C5804-4CD1-442F-8DB4-123738349193}"
EndProject
Global
	GlobalSection(SolutionConfigurationPlatforms) = preSolution
		Debug|Any CPU = Debug|Any CPU
		Release|Any CPU = Release|Any CPU
	EndGlobalSection
	GlobalSection(ProjectConfigurationPlatforms) = postSolution
		{84345386-C25B-46EC-AF48-60BBBDB7F90E}.Debug|Any CPU.ActiveCfg = Debug|Any CPU
		{84345386-C25B-46EC-AF48-60BBBDB7F90E}.Debug|Any CPU.Build.0 = Debug|Any CPU
		{84345386-C25B-46EC-AF48-60BBBDB7F90E}.Release|Any CPU.ActiveCfg = Release|Any CPU
		{84345386-C25B-46EC-AF48-60BBBDB7F90E}.Release|Any CPU.Build.0 = Release|Any CPU
		{A1C562A5-7727-4B11-ACF9-7DF1C3B16571}.Debug|Any CPU.ActiveCfg = Debug|Any CPU
		{A1C562A5-7727-4B11-ACF9-7DF1C3B16571}.Debug|Any CPU.Build.0 = Debug|Any CPU
		{A1C562A5-7727-4B11-ACF9-7DF1C3B16571}.Release|Any CPU.ActiveCfg = Release|Any CPU
		{A1C562A5-7727-4B11-ACF9-7DF1C3B16571}.Release|Any CPU.Build.0 = Release|Any CPU
		{8058A210-17E0-4F08-8A7D-05BF19BFD390}.Debug|Any CPU.ActiveCfg = Debug|Any CPU
		{8058A210-17E0-4F08-8A7D-05BF19BFD390}.Debug|Any CPU.Build.0 = Debug|Any CPU
		{8058A210-17E0-4F08-8A7D-05BF19BFD390}.Release|Any CPU.ActiveCfg = Release|Any CPU
		{8058A210-17E0-4F08-8A7D-05BF19BFD390}.Release|Any CPU.Build.0 = Release|Any CPU
		{E28E5216-4A8E-409D-853F-19251268FC26}.Debug|Any CPU.ActiveCfg = Debug|Any CPU
		{E28E5216-4A8E-409D-853F-19251268FC26}.Debug|Any CPU.Build.0 = Debug|Any CPU
		{E28E5216-4A8E-409D-853F-19251268FC26}.Release|Any CPU.ActiveCfg = Release|Any CPU
		{E28E5216-4A8E-409D-853F-19251268FC26}.Release|Any CPU.Build.0 = Release|Any CPU
		{D26C5804-4CD1-442F-8DB4-123738349193}.Debug|Any CPU.ActiveCfg = Debug|Any CPU
		{D26C5804-4CD1-442F-8DB4-123738349193}.Debug|Any CPU.Build.0 = Debug|Any CPU
		{D26C5804-4CD1-442F-8DB4-123738349193}.Release|Any CPU.ActiveCfg = Release|Any CPU
		{D26C5804-4CD1-442F-8DB4-123738349193}.Release|Any CPU.Build.0 = Release|Any CPU
	EndGlobalSection
	GlobalSection(SolutionProperties) = preSolution
		HideSolutionNode = FALSE
	EndGlobalSection
	GlobalSection(ExtensibilityGlobals) = postSolution
		SolutionGuid = {9D36B6E7-ADF5-4961-9255-D9D11ED1660C}
	EndGlobalSection
EndGlobal
